{
  "originHash" : "6b83fb65507ccb1ef8ea7d62ac8d6ef920b9c4d83eb2d8ea7bfbbd542a0e870c",
  "pins" : [
    {
      "identity" : "yams",
      "kind" : "remoteSourceControl",
      "location" : "https://github.com/jpsim/Yams.git",
      "state" : {
        "revision" : "3d6871d5b4a5cd519adf233fbb576e0a2af71c17",
        "version" : "5.4.0"
      }
    }
  ],
  "version" : 3
}
